
Microsoft Visual Studio Solution File, Format Version 12.00
# Visual Studio Version 17
VisualStudioVersion = 17.9.34616.47
MinimumVisualStudioVersion = 10.0.40219.1
Project("{FAE04EC0-301F-11D3-BF4B-00C04F79EFBC}") = "API", "API.csproj", "{DC03167C-CD78-4541-AC97-240E728183C8}"
EndProject
Global
	GlobalSection(SolutionConfigurationPlatforms) = preSolution
		Debug|Any CPU = Debug|Any CPU
		Release|Any CPU = Release|Any CPU
	EndGlobalSection
	GlobalSection(ProjectConfigurationPlatforms) = postSolution
		{DC03167C-CD78-4541-AC97-240E728183C8}.Debug|Any CPU.ActiveCfg = Debug|Any CPU
		{DC03167C-CD78-4541-AC97-240E728183C8}.Debug|Any CPU.Build.0 = Debug|Any CPU
		{DC03167C-CD78-4541-AC97-240E728183C8}.Release|Any CPU.ActiveCfg = Release|Any CPU
		{DC03167C-CD78-4541-AC97-240E728183C8}.Release|Any CPU.Build.0 = Release|Any CPU
	EndGlobalSection
	GlobalSection(SolutionProperties) = preSolution
		HideSolutionNode = FALSE
	EndGlobalSection
	GlobalSection(ExtensibilityGlobals) = postSolution
		SolutionGuid = {437EDB0D-967D-4ED3-AFB9-3C7F1FECC4CC}
	EndGlobalSection
EndGlobal
